
Microsoft Visual Studio Solution File, Format Version 12.00
# Visual Studio Version 17
VisualStudioVersion = 17.14.36429.23
MinimumVisualStudioVersion = 10.0.40219.1
Project("{FAE04EC0-301F-11D3-BF4B-00C04F79EFBC}") = "ServiceBooking.Application", "ServiceBooking.Application\ServiceBooking.Application.csproj", "{188807E2-7F1B-41B1-86EC-CF581A2DA9D6}"
EndProject
Project("{FAE04EC0-301F-11D3-BF4B-00C04F79EFBC}") = "ServiceBooking.Domain", "ServiceBooking.Domain\ServiceBooking.Domain.csproj", "{0F697295-64E8-43DC-BF85-807F197D79B5}"
EndProject
Project("{FAE04EC0-301F-11D3-BF4B-00C04F79EFBC}") = "ServiceBooking.Infrastructure", "ServiceBooking.Infrastructure\ServiceBooking.Infrastructure.csproj", "{5492B9A5-8592-4E8C-AB98-DA6BC519292C}"
EndProject
Project("{FAE04EC0-301F-11D3-BF4B-00C04F79EFBC}") = "ServiceBooking.CrossCutting", "ServiceBooking.CrossCutting\ServiceBooking.CrossCutting.csproj", "{61F03E39-D88B-4D6D-B089-2331185D56D1}"
EndProject
Project("{FAE04EC0-301F-11D3-BF4B-00C04F79EFBC}") = "ServiceBooking.API", "ServiceBooking.API\ServiceBooking.API.csproj", "{4404C660-578C-4C2B-890D-D59CED501FEB}"
EndProject
Project("{FAE04EC0-301F-11D3-BF4B-00C04F79EFBC}") = "ServiceBooking.Shared", "ServiceBooking.Shared\ServiceBooking.Shared.csproj", "{016074CB-C9B6-4A63-85C9-A532F689A8DA}"
EndProject
Project("{FAE04EC0-301F-11D3-BF4B-00C04F79EFBC}") = "ServiceBooking.Application.Tests", "ServiceBooking.Application.Tests\ServiceBooking.Application.Tests.csproj", "{30FBCA23-C279-46AA-8EBF-FE1B775E36D0}"
EndProject
Project("{2150E333-8FDC-42A3-9474-1A3956D46DE8}") = "Itens de Solução", "Itens de Solução", "{380A7511-A354-6D7A-0CC0-8FA1F1BA7B6C}"
	ProjectSection(SolutionItems) = preProject
		README.md = README.md
	EndProjectSection
EndProject
Project("{FAE04EC0-301F-11D3-BF4B-00C04F79EFBC}") = "ServiceBooking.API.Tests", "ServiceBooking.API.Tests\ServiceBooking.API.Tests.csproj", "{E85A2BFF-8A89-4165-9AB9-5A0F60B20D11}"
EndProject
Global
	GlobalSection(SolutionConfigurationPlatforms) = preSolution
		Debug|Any CPU = Debug|Any CPU
		Release|Any CPU = Release|Any CPU
	EndGlobalSection
	GlobalSection(ProjectConfigurationPlatforms) = postSolution
		{188807E2-7F1B-41B1-86EC-CF581A2DA9D6}.Debug|Any CPU.ActiveCfg = Debug|Any CPU
		{188807E2-7F1B-41B1-86EC-CF581A2DA9D6}.Debug|Any CPU.Build.0 = Debug|Any CPU
		{188807E2-7F1B-41B1-86EC-CF581A2DA9D6}.Release|Any CPU.ActiveCfg = Release|Any CPU
		{188807E2-7F1B-41B1-86EC-CF581A2DA9D6}.Release|Any CPU.Build.0 = Release|Any CPU
		{0F697295-64E8-43DC-BF85-807F197D79B5}.Debug|Any CPU.ActiveCfg = Debug|Any CPU
		{0F697295-64E8-43DC-BF85-807F197D79B5}.Debug|Any CPU.Build.0 = Debug|Any CPU
		{0F697295-64E8-43DC-BF85-807F197D79B5}.Release|Any CPU.ActiveCfg = Release|Any CPU
		{0F697295-64E8-43DC-BF85-807F197D79B5}.Release|Any CPU.Build.0 = Release|Any CPU
		{5492B9A5-8592-4E8C-AB98-DA6BC519292C}.Debug|Any CPU.ActiveCfg = Debug|Any CPU
		{5492B9A5-8592-4E8C-AB98-DA6BC519292C}.Debug|Any CPU.Build.0 = Debug|Any CPU
		{5492B9A5-8592-4E8C-AB98-DA6BC519292C}.Release|Any CPU.ActiveCfg = Release|Any CPU
		{5492B9A5-8592-4E8C-AB98-DA6BC519292C}.Release|Any CPU.Build.0 = Release|Any CPU
		{61F03E39-D88B-4D6D-B089-2331185D56D1}.Debug|Any CPU.ActiveCfg = Debug|Any CPU
		{61F03E39-D88B-4D6D-B089-2331185D56D1}.Debug|Any CPU.Build.0 = Debug|Any CPU
		{61F03E39-D88B-4D6D-B089-2331185D56D1}.Release|Any CPU.ActiveCfg = Release|Any CPU
		{61F03E39-D88B-4D6D-B089-2331185D56D1}.Release|Any CPU.Build.0 = Release|Any CPU
		{4404C660-578C-4C2B-890D-D59CED501FEB}.Debug|Any CPU.ActiveCfg = Debug|Any CPU
		{4404C660-578C-4C2B-890D-D59CED501FEB}.Debug|Any CPU.Build.0 = Debug|Any CPU
		{4404C660-578C-4C2B-890D-D59CED501FEB}.Release|Any CPU.ActiveCfg = Release|Any CPU
		{4404C660-578C-4C2B-890D-D59CED501FEB}.Release|Any CPU.Build.0 = Release|Any CPU
		{016074CB-C9B6-4A63-85C9-A532F689A8DA}.Debug|Any CPU.ActiveCfg = Debug|Any CPU
		{016074CB-C9B6-4A63-85C9-A532F689A8DA}.Debug|Any CPU.Build.0 = Debug|Any CPU
		{016074CB-C9B6-4A63-85C9-A532F689A8DA}.Release|Any CPU.ActiveCfg = Release|Any CPU
		{016074CB-C9B6-4A63-85C9-A532F689A8DA}.Release|Any CPU.Build.0 = Release|Any CPU
		{30FBCA23-C279-46AA-8EBF-FE1B775E36D0}.Debug|Any CPU.ActiveCfg = Debug|Any CPU
		{30FBCA23-C279-46AA-8EBF-FE1B775E36D0}.Debug|Any CPU.Build.0 = Debug|Any CPU
		{30FBCA23-C279-46AA-8EBF-FE1B775E36D0}.Release|Any CPU.ActiveCfg = Release|Any CPU
		{30FBCA23-C279-46AA-8EBF-FE1B775E36D0}.Release|Any CPU.Build.0 = Release|Any CPU
		{E85A2BFF-8A89-4165-9AB9-5A0F60B20D11}.Debug|Any CPU.ActiveCfg = Debug|Any CPU
		{E85A2BFF-8A89-4165-9AB9-5A0F60B20D11}.Debug|Any CPU.Build.0 = Debug|Any CPU
		{E85A2BFF-8A89-4165-9AB9-5A0F60B20D11}.Release|Any CPU.ActiveCfg = Release|Any CPU
		{E85A2BFF-8A89-4165-9AB9-5A0F60B20D11}.Release|Any CPU.Build.0 = Release|Any CPU
	EndGlobalSection
	GlobalSection(SolutionProperties) = preSolution
		HideSolutionNode = FALSE
	EndGlobalSection
	GlobalSection(ExtensibilityGlobals) = postSolution
		SolutionGuid = {8930EA5E-2924-4A5B-8962-9C5A253E6252}
	EndGlobalSection
EndGlobal
